
Microsoft Visual Studio Solution File, Format Version 12.00
# Visual Studio Version 16
VisualStudioVersion = 16.0.30204.135
MinimumVisualStudioVersion = 10.0.40219.1
Project("{9A19103F-16F7-4668-BE54-9A1E7A4F7556}") = "PrevisaoTempoAPI", "PrecisaoTempoAPI\PrevisaoTempoAPI.csproj", "{1BBB1954-5C9C-4DCF-95D7-FB5AB315F107}"
EndProject
Global
	GlobalSection(SolutionConfigurationPlatforms) = preSolution
		Debug|Any CPU = Debug|Any CPU
		Release|Any CPU = Release|Any CPU
	EndGlobalSection
	GlobalSection(ProjectConfigurationPlatforms) = postSolution
		{1BBB1954-5C9C-4DCF-95D7-FB5AB315F107}.Debug|Any CPU.ActiveCfg = Debug|Any CPU
		{1BBB1954-5C9C-4DCF-95D7-FB5AB315F107}.Debug|Any CPU.Build.0 = Debug|Any CPU
		{1BBB1954-5C9C-4DCF-95D7-FB5AB315F107}.Release|Any CPU.ActiveCfg = Release|Any CPU
		{1BBB1954-5C9C-4DCF-95D7-FB5AB315F107}.Release|Any CPU.Build.0 = Release|Any CPU
	EndGlobalSection
	GlobalSection(SolutionProperties) = preSolution
		HideSolutionNode = FALSE
	EndGlobalSection
	GlobalSection(ExtensibilityGlobals) = postSolution
		SolutionGuid = {BFD43359-3FB0-4054-87CA-6D9DCB93C33B}
	EndGlobalSection
EndGlobal
